
Microsoft Visual Studio Solution File, Format Version 12.00
Project("{FAE04EC0-301F-11D3-BF4B-00C04F79EFBC}") = "Containers_app", "Containers_app\Containers_app.csproj", "{2A93732B-13F1-4074-B29F-45E2251E8239}"
EndProject
Global
	GlobalSection(SolutionConfigurationPlatforms) = preSolution
		Debug|Any CPU = Debug|Any CPU
		Release|Any CPU = Release|Any CPU
	EndGlobalSection
	GlobalSection(ProjectConfigurationPlatforms) = postSolution
		{2A93732B-13F1-4074-B29F-45E2251E8239}.Debug|Any CPU.ActiveCfg = Debug|Any CPU
		{2A93732B-13F1-4074-B29F-45E2251E8239}.Debug|Any CPU.Build.0 = Debug|Any CPU
		{2A93732B-13F1-4074-B29F-45E2251E8239}.Release|Any CPU.ActiveCfg = Release|Any CPU
		{2A93732B-13F1-4074-B29F-45E2251E8239}.Release|Any CPU.Build.0 = Release|Any CPU
	EndGlobalSection
EndGlobal
