
Microsoft Visual Studio Solution File, Format Version 12.00
# Visual Studio Version 17
VisualStudioVersion = 17.6.33829.357
MinimumVisualStudioVersion = 10.0.40219.1
Project("{FAE04EC0-301F-11D3-BF4B-00C04F79EFBC}") = "MvcMovie", "MvcMovie\MvcMovie.csproj", "{869884A7-58B7-4427-B69C-959D5C788740}"
EndProject
Global
	GlobalSection(SolutionConfigurationPlatforms) = preSolution
		Debug|Any CPU = Debug|Any CPU
		Release|Any CPU = Release|Any CPU
	EndGlobalSection
	GlobalSection(ProjectConfigurationPlatforms) = postSolution
		{869884A7-58B7-4427-B69C-959D5C788740}.Debug|Any CPU.ActiveCfg = Debug|Any CPU
		{869884A7-58B7-4427-B69C-959D5C788740}.Debug|Any CPU.Build.0 = Debug|Any CPU
		{869884A7-58B7-4427-B69C-959D5C788740}.Release|Any CPU.ActiveCfg = Release|Any CPU
		{869884A7-58B7-4427-B69C-959D5C788740}.Release|Any CPU.Build.0 = Release|Any CPU
	EndGlobalSection
	GlobalSection(SolutionProperties) = preSolution
		HideSolutionNode = FALSE
	EndGlobalSection
	GlobalSection(ExtensibilityGlobals) = postSolution
		SolutionGuid = {2E43861F-B868-453E-8C0E-4511D3E87DC4}
	EndGlobalSection
EndGlobal
