
Microsoft Visual Studio Solution File, Format Version 12.00
Project("{FAE04EC0-301F-11D3-BF4B-00C04F79EFBC}") = "APBD_06", "APBD_06\APBD_06.csproj", "{A9601CB0-B4C7-490C-AA84-EA6C2A117B1F}"
EndProject
Global
	GlobalSection(SolutionConfigurationPlatforms) = preSolution
		Debug|Any CPU = Debug|Any CPU
		Release|Any CPU = Release|Any CPU
	EndGlobalSection
	GlobalSection(ProjectConfigurationPlatforms) = postSolution
		{A9601CB0-B4C7-490C-AA84-EA6C2A117B1F}.Debug|Any CPU.ActiveCfg = Debug|Any CPU
		{A9601CB0-B4C7-490C-AA84-EA6C2A117B1F}.Debug|Any CPU.Build.0 = Debug|Any CPU
		{A9601CB0-B4C7-490C-AA84-EA6C2A117B1F}.Release|Any CPU.ActiveCfg = Release|Any CPU
		{A9601CB0-B4C7-490C-AA84-EA6C2A117B1F}.Release|Any CPU.Build.0 = Release|Any CPU
	EndGlobalSection
EndGlobal
